
Microsoft Visual Studio Solution File, Format Version 12.00
# Visual Studio Version 16
VisualStudioVersion = 16.0.30330.147
MinimumVisualStudioVersion = 10.0.40219.1
Project("{FAE04EC0-301F-11D3-BF4B-00C04F79EFBC}") = "ConsoleUI", "ConsoleUI\ConsoleUI.csproj", "{50B55931-2B9E-44BB-A593-18DE310BB9B0}"
EndProject
Global
	GlobalSection(SolutionConfigurationPlatforms) = preSolution
		Debug|Any CPU = Debug|Any CPU
		Release|Any CPU = Release|Any CPU
	EndGlobalSection
	GlobalSection(ProjectConfigurationPlatforms) = postSolution
		{50B55931-2B9E-44BB-A593-18DE310BB9B0}.Debug|Any CPU.ActiveCfg = Debug|Any CPU
		{50B55931-2B9E-44BB-A593-18DE310BB9B0}.Debug|Any CPU.Build.0 = Debug|Any CPU
		{50B55931-2B9E-44BB-A593-18DE310BB9B0}.Release|Any CPU.ActiveCfg = Release|Any CPU
		{50B55931-2B9E-44BB-A593-18DE310BB9B0}.Release|Any CPU.Build.0 = Release|Any CPU
	EndGlobalSection
	GlobalSection(SolutionProperties) = preSolution
		HideSolutionNode = FALSE
	EndGlobalSection
	GlobalSection(ExtensibilityGlobals) = postSolution
		SolutionGuid = {CDE6E9A1-D2C0-4EA4-B778-476A41F3BFFF}
	EndGlobalSection
EndGlobal
